
Microsoft Visual Studio Solution File, Format Version 12.00
# Visual Studio Version 16
VisualStudioVersion = 16.0.31129.286
MinimumVisualStudioVersion = 10.0.40219.1
Project("{FAE04EC0-301F-11D3-BF4B-00C04F79EFBC}") = "Entities", "Entities\Entities.csproj", "{6603EB6F-967E-4216-8D57-BF766DA41BF4}"
EndProject
Project("{FAE04EC0-301F-11D3-BF4B-00C04F79EFBC}") = "DataAccess", "DataAccess\DataAccess.csproj", "{3C2A0C88-F011-45E9-86F2-5B0D33752679}"
EndProject
Project("{FAE04EC0-301F-11D3-BF4B-00C04F79EFBC}") = "Business", "Business\Business.csproj", "{A1068E84-6ED2-48DC-BEC5-5FAD835833C3}"
EndProject
Project("{FAE04EC0-301F-11D3-BF4B-00C04F79EFBC}") = "Core", "Core\Core.csproj", "{84F2578B-1C1A-42C4-BEFE-DE2D2A3B503F}"
EndProject
Project("{FAE04EC0-301F-11D3-BF4B-00C04F79EFBC}") = "WebAPI", "WebAPI\WebAPI.csproj", "{5DE26328-4768-4AE4-A4D3-A77B6CB9C05D}"
EndProject
Global
	GlobalSection(SolutionConfigurationPlatforms) = preSolution
		Debug|Any CPU = Debug|Any CPU
		Release|Any CPU = Release|Any CPU
	EndGlobalSection
	GlobalSection(ProjectConfigurationPlatforms) = postSolution
		{6603EB6F-967E-4216-8D57-BF766DA41BF4}.Debug|Any CPU.ActiveCfg = Debug|Any CPU
		{6603EB6F-967E-4216-8D57-BF766DA41BF4}.Debug|Any CPU.Build.0 = Debug|Any CPU
		{6603EB6F-967E-4216-8D57-BF766DA41BF4}.Release|Any CPU.ActiveCfg = Release|Any CPU
		{6603EB6F-967E-4216-8D57-BF766DA41BF4}.Release|Any CPU.Build.0 = Release|Any CPU
		{3C2A0C88-F011-45E9-86F2-5B0D33752679}.Debug|Any CPU.ActiveCfg = Debug|Any CPU
		{3C2A0C88-F011-45E9-86F2-5B0D33752679}.Debug|Any CPU.Build.0 = Debug|Any CPU
		{3C2A0C88-F011-45E9-86F2-5B0D33752679}.Release|Any CPU.ActiveCfg = Release|Any CPU
		{3C2A0C88-F011-45E9-86F2-5B0D33752679}.Release|Any CPU.Build.0 = Release|Any CPU
		{A1068E84-6ED2-48DC-BEC5-5FAD835833C3}.Debug|Any CPU.ActiveCfg = Debug|Any CPU
		{A1068E84-6ED2-48DC-BEC5-5FAD835833C3}.Debug|Any CPU.Build.0 = Debug|Any CPU
		{A1068E84-6ED2-48DC-BEC5-5FAD835833C3}.Release|Any CPU.ActiveCfg = Release|Any CPU
		{A1068E84-6ED2-48DC-BEC5-5FAD835833C3}.Release|Any CPU.Build.0 = Release|Any CPU
		{84F2578B-1C1A-42C4-BEFE-DE2D2A3B503F}.Debug|Any CPU.ActiveCfg = Debug|Any CPU
		{84F2578B-1C1A-42C4-BEFE-DE2D2A3B503F}.Debug|Any CPU.Build.0 = Debug|Any CPU
		{84F2578B-1C1A-42C4-BEFE-DE2D2A3B503F}.Release|Any CPU.ActiveCfg = Release|Any CPU
		{84F2578B-1C1A-42C4-BEFE-DE2D2A3B503F}.Release|Any CPU.Build.0 = Release|Any CPU
		{5DE26328-4768-4AE4-A4D3-A77B6CB9C05D}.Debug|Any CPU.ActiveCfg = Debug|Any CPU
		{5DE26328-4768-4AE4-A4D3-A77B6CB9C05D}.Debug|Any CPU.Build.0 = Debug|Any CPU
		{5DE26328-4768-4AE4-A4D3-A77B6CB9C05D}.Release|Any CPU.ActiveCfg = Release|Any CPU
		{5DE26328-4768-4AE4-A4D3-A77B6CB9C05D}.Release|Any CPU.Build.0 = Release|Any CPU
	EndGlobalSection
	GlobalSection(SolutionProperties) = preSolution
		HideSolutionNode = FALSE
	EndGlobalSection
	GlobalSection(ExtensibilityGlobals) = postSolution
		SolutionGuid = {85073A19-2C2E-4F1D-8BBF-D0C4EB1B6A80}
	EndGlobalSection
EndGlobal
